
Microsoft Visual Studio Solution File, Format Version 12.00
# Visual Studio Version 17
VisualStudioVersion = 17.9.34902.65
MinimumVisualStudioVersion = 10.0.40219.1
Project("{00D1A9C2-B5F0-4AF3-8072-F6C62B433612}") = "Scripts", "Scripts.sqlproj", "{7CF21F20-3076-443A-8437-97FEBACDE7A4}"
EndProject
Global
	GlobalSection(SolutionConfigurationPlatforms) = preSolution
		Debug|Any CPU = Debug|Any CPU
		Release|Any CPU = Release|Any CPU
	EndGlobalSection
	GlobalSection(ProjectConfigurationPlatforms) = postSolution
		{7CF21F20-3076-443A-8437-97FEBACDE7A4}.Debug|Any CPU.ActiveCfg = Debug|Any CPU
		{7CF21F20-3076-443A-8437-97FEBACDE7A4}.Debug|Any CPU.Build.0 = Debug|Any CPU
		{7CF21F20-3076-443A-8437-97FEBACDE7A4}.Debug|Any CPU.Deploy.0 = Debug|Any CPU
		{7CF21F20-3076-443A-8437-97FEBACDE7A4}.Release|Any CPU.ActiveCfg = Release|Any CPU
		{7CF21F20-3076-443A-8437-97FEBACDE7A4}.Release|Any CPU.Build.0 = Release|Any CPU
		{7CF21F20-3076-443A-8437-97FEBACDE7A4}.Release|Any CPU.Deploy.0 = Release|Any CPU
	EndGlobalSection
	GlobalSection(SolutionProperties) = preSolution
		HideSolutionNode = FALSE
	EndGlobalSection
	GlobalSection(ExtensibilityGlobals) = postSolution
		SolutionGuid = {DDF2F1D4-672F-4D6D-A619-9687D5F35A4E}
	EndGlobalSection
EndGlobal
